
Microsoft Visual Studio Solution File, Format Version 11.00
# Visual Studio 2010
Project("{8BC9CEB8-8B4A-11D0-8D11-00A0C91BC942}") = "Process", "Process\Process.vcxproj", "{C4F2375A-C22A-4256-8C2F-BD09124DAA32}"
EndProject
Project("{2150E333-8FDC-42A3-9474-1A3956D46DE8}") = "Solution Items", "Solution Items", "{225968D0-013E-4027-8C21-B697748E0F77}"
EndProject
Global
	GlobalSection(SolutionConfigurationPlatforms) = preSolution
		Debug|Win32 = Debug|Win32
		Release|Win32 = Release|Win32
	EndGlobalSection
	GlobalSection(ProjectConfigurationPlatforms) = postSolution
		{C4F2375A-C22A-4256-8C2F-BD09124DAA32}.Debug|Win32.ActiveCfg = Debug|Win32
		{C4F2375A-C22A-4256-8C2F-BD09124DAA32}.Debug|Win32.Build.0 = Debug|Win32
		{C4F2375A-C22A-4256-8C2F-BD09124DAA32}.Release|Win32.ActiveCfg = Release|Win32
		{C4F2375A-C22A-4256-8C2F-BD09124DAA32}.Release|Win32.Build.0 = Release|Win32
	EndGlobalSection
	GlobalSection(SolutionProperties) = preSolution
		HideSolutionNode = FALSE
	EndGlobalSection
EndGlobal
